{
  "name": "nt548-devops-monorepo",
  "version": "0.2.0",
  "lockfileVersion": 3,
  "requires": true,
  "packages": {
    "": {
      "name": "nt548-devops-monorepo",
      "version": "0.2.0",
      "workspaces": [
        "services/api-gateway",
        "services/auth-service",
        "services/catalog-service",
        "services/order-service"
      ],
      "engines": {
        "node": ">=20"
      }
    },
    "node_modules/@nt548/api-gateway": {
      "resolved": "services/api-gateway",
      "link": true
    },
    "node_modules/@nt548/auth-service": {
      "resolved": "services/auth-service",
      "link": true
    },
    "node_modules/@nt548/catalog-service": {
      "resolved": "services/catalog-service",
      "link": true
    },
    "node_modules/@nt548/order-service": {
      "resolved": "services/order-service",
      "link": true
    },
    "services/api-gateway": {
      "name": "@nt548/api-gateway",
      "version": "0.2.0"
    },
    "services/auth-service": {
      "name": "@nt548/auth-service",
      "version": "0.2.0"
    },
    "services/catalog-service": {
      "name": "@nt548/catalog-service",
      "version": "0.2.0"
    },
    "services/order-service": {
      "name": "@nt548/order-service",
      "version": "0.2.0"
    }
  }
}
